
Microsoft Visual Studio Solution File, Format Version 12.00
# Visual Studio Version 17
VisualStudioVersion = 17.14.37216.2 d17.14
MinimumVisualStudioVersion = 10.0.40219.1
Project("{F14B399A-7131-4C87-9E4B-1186C45EF12D}") = "InvoiceDrillDown", "InvoiceDrillDown\InvoiceDrillDown.rptproj", "{17F52C10-E302-7E3E-4F9C-913389C17292}"
EndProject
Global
	GlobalSection(SolutionConfigurationPlatforms) = preSolution
		Debug|Default = Debug|Default
		DebugLocal|Default = DebugLocal|Default
		Release|Default = Release|Default
	EndGlobalSection
	GlobalSection(ProjectConfigurationPlatforms) = postSolution
		{17F52C10-E302-7E3E-4F9C-913389C17292}.Debug|Default.ActiveCfg = Debug
		{17F52C10-E302-7E3E-4F9C-913389C17292}.Debug|Default.Build.0 = Debug
		{17F52C10-E302-7E3E-4F9C-913389C17292}.Debug|Default.Deploy.0 = Debug
		{17F52C10-E302-7E3E-4F9C-913389C17292}.DebugLocal|Default.ActiveCfg = DebugLocal
		{17F52C10-E302-7E3E-4F9C-913389C17292}.DebugLocal|Default.Build.0 = DebugLocal
		{17F52C10-E302-7E3E-4F9C-913389C17292}.Release|Default.ActiveCfg = Release
		{17F52C10-E302-7E3E-4F9C-913389C17292}.Release|Default.Build.0 = Release
		{17F52C10-E302-7E3E-4F9C-913389C17292}.Release|Default.Deploy.0 = Release
	EndGlobalSection
	GlobalSection(SolutionProperties) = preSolution
		HideSolutionNode = FALSE
	EndGlobalSection
	GlobalSection(ExtensibilityGlobals) = postSolution
		SolutionGuid = {E18619A6-17DD-4F1E-BE7F-ECDF52F62E2F}
	EndGlobalSection
EndGlobal
