
Microsoft Visual Studio Solution File, Format Version 12.00
# Visual Studio Version 17
VisualStudioVersion = 17.14.36717.8 d17.14
MinimumVisualStudioVersion = 10.0.40219.1
Project("{C9674DCB-5085-4A16-B785-4C70DD1589BD}") = "TableDataExport", "TableDataExport\TableDataExport.dtproj", "{200A55C9-67AD-292E-EC4B-79F837326657}"
EndProject
Global
	GlobalSection(SolutionConfigurationPlatforms) = preSolution
		Development|Default = Development|Default
	EndGlobalSection
	GlobalSection(ProjectConfigurationPlatforms) = postSolution
		{200A55C9-67AD-292E-EC4B-79F837326657}.Development|Default.ActiveCfg = Development
		{200A55C9-67AD-292E-EC4B-79F837326657}.Development|Default.Build.0 = Development
	EndGlobalSection
	GlobalSection(SolutionProperties) = preSolution
		HideSolutionNode = FALSE
	EndGlobalSection
	GlobalSection(ExtensibilityGlobals) = postSolution
		SolutionGuid = {BC2B8227-59FB-484E-8685-73EEE7D18C12}
	EndGlobalSection
EndGlobal
